// !$*UTF8*$!
{
	archiveVersion = 1;
	classes = {
	};
	objectVersion = 50;
	objects = {

/* Begin PBXBuildFile section */
		AF1B14BD21750C6000736A5E /* AppDelegate.swift in Sources */ = {isa = PBXBuildFile; fileRef = AF1B14BC21750C6000736A5E /* AppDelegate.swift */; };
		AF1B14BF21750C6000736A5E /* ViewController.swift in Sources */ = {isa = PBXBuildFile; fileRef = AF1B14BE21750C6000736A5E /* ViewController.swift */; };
		AF1B14C221750C6000736A5E /* Main.storyboard in Resources */ = {isa = PBXBuildFile; fileRef = AF1B14C021750C6000736A5E /* Main.storyboard */; };
		AF1B14C421750C6100736A5E /* Assets.xcassets in Resources */ = {isa = PBXBuildFile; fileRef = AF1B14C321750C6100736A5E /* Assets.xcassets */; };
		AF1B14C721750C6100736A5E /* LaunchScreen.storyboard in Resources */ = {isa = PBXBuildFile; fileRef = AF1B14C521750C6100736A5E /* LaunchScreen.storyboard */; };
		AF1B14DF21751C0900736A5E /* VideoGame.swift in Sources */ = {isa = PBXBuildFile; fileRef = AF1B14DE21751C0900736A5E /* VideoGame.swift */; };
		AF1B14E3217570E000736A5E /* VideoGameTableViewCell.swift in Sources */ = {isa = PBXBuildFile; fileRef = AF1B14E2217570E000736A5E /* VideoGameTableViewCell.swift */; };
		AFB767E4217659AF000598AA /* GameDetails.storyboard in Resources */ = {isa = PBXBuildFile; fileRef = AFB767E3217659AF000598AA /* GameDetails.storyboard */; };
		AFB767EC217671CD000598AA /* DescriptionViewController.swift in Sources */ = {isa = PBXBuildFile; fileRef = AFB767EB217671CD000598AA /* DescriptionViewController.swift */; };
		AFB7680E2178BFFC000598AA /* Utilities.swift in Sources */ = {isa = PBXBuildFile; fileRef = AFB7680D2178BFFC000598AA /* Utilities.swift */; };
		AFB768152178C592000598AA /* GameManager.swift in Sources */ = {isa = PBXBuildFile; fileRef = AFB768142178C592000598AA /* GameManager.swift */; };
		AFF7C66121762034003EE64F /* AddGameViewController.swift in Sources */ = {isa = PBXBuildFile; fileRef = AFF7C66021762034003EE64F /* AddGameViewController.swift */; };
/* End PBXBuildFile section */

/* Begin PBXFileReference section */
		AF1B14B921750C6000736A5E /* Video-Game-Library.app */ = {isa = PBXFileReference; explicitFileType = wrapper.application; includeInIndex = 0; path = "Video-Game-Library.app"; sourceTree = BUILT_PRODUCTS_DIR; };
		AF1B14BC21750C6000736A5E /* AppDelegate.swift */ = {isa = PBXFileReference; lastKnownFileType = sourcecode.swift; path = AppDelegate.swift; sourceTree = "<group>"; };
		AF1B14BE21750C6000736A5E /* ViewController.swift */ = {isa = PBXFileReference; lastKnownFileType = sourcecode.swift; path = ViewController.swift; sourceTree = "<group>"; };
		AF1B14C121750C6000736A5E /* Base */ = {isa = PBXFileReference; lastKnownFileType = file.storyboard; name = Base; path = Base.lproj/Main.storyboard; sourceTree = "<group>"; };
		AF1B14C321750C6100736A5E /* Assets.xcassets */ = {isa = PBXFileReference; lastKnownFileType = folder.assetcatalog; path = Assets.xcassets; sourceTree = "<group>"; };
		AF1B14C621750C6100736A5E /* Base */ = {isa = PBXFileReference; lastKnownFileType = file.storyboard; name = Base; path = Base.lproj/LaunchScreen.storyboard; sourceTree = "<group>"; };
		AF1B14C821750C6100736A5E /* Info.plist */ = {isa = PBXFileReference; lastKnownFileType = text.plist.xml; path = Info.plist; sourceTree = "<group>"; };
		AF1B14DE21751C0900736A5E /* VideoGame.swift */ = {isa = PBXFileReference; lastKnownFileType = sourcecode.swift; path = VideoGame.swift; sourceTree = "<group>"; };
		AF1B14E2217570E000736A5E /* VideoGameTableViewCell.swift */ = {isa = PBXFileReference; lastKnownFileType = sourcecode.swift; path = VideoGameTableViewCell.swift; sourceTree = "<group>"; };
		AFB767E3217659AF000598AA /* GameDetails.storyboard */ = {isa = PBXFileReference; lastKnownFileType = file.storyboard; path = GameDetails.storyboard; sourceTree = "<group>"; };
		AFB767EB217671CD000598AA /* DescriptionViewController.swift */ = {isa = PBXFileReference; lastKnownFileType = sourcecode.swift; path = DescriptionViewController.swift; sourceTree = "<group>"; };
		AFB7680D2178BFFC000598AA /* Utilities.swift */ = {isa = PBXFileReference; lastKnownFileType = sourcecode.swift; path = Utilities.swift; sourceTree = "<group>"; };
		AFB768142178C592000598AA /* GameManager.swift */ = {isa = PBXFileReference; lastKnownFileType = sourcecode.swift; path = GameManager.swift; sourceTree = "<group>"; };
		AFF7C66021762034003EE64F /* AddGameViewController.swift */ = {isa = PBXFileReference; lastKnownFileType = sourcecode.swift; path = AddGameViewController.swift; sourceTree = "<group>"; };
/* End PBXFileReference section */

/* Begin PBXFrameworksBuildPhase section */
		AF1B14B621750C6000736A5E /* Frameworks */ = {
			isa = PBXFrameworksBuildPhase;
			buildActionMask = 2147483647;
			files = (
			);
			runOnlyForDeploymentPostprocessing = 0;
		};
/* End PBXFrameworksBuildPhase section */

/* Begin PBXGroup section */
		AF1B14B021750C6000736A5E = {
			isa = PBXGroup;
			children = (
				AF1B14BB21750C6000736A5E /* Video-Game-Library */,
				AF1B14BA21750C6000736A5E /* Products */,
			);
			sourceTree = "<group>";
		};
		AF1B14BA21750C6000736A5E /* Products */ = {
			isa = PBXGroup;
			children = (
				AF1B14B921750C6000736A5E /* Video-Game-Library.app */,
			);
			name = Products;
			sourceTree = "<group>";
		};
		AF1B14BB21750C6000736A5E /* Video-Game-Library */ = {
			isa = PBXGroup;
			children = (
				AFB768132178C545000598AA /* Utiities */,
				AFB768122178C523000598AA /* GameTableViewCell */,
				AFB768112178C4F7000598AA /* DataModels */,
				AF1B14C521750C6100736A5E /* LaunchScreen.storyboard */,
				AF1B14C021750C6000736A5E /* Main.storyboard */,
				AF1B14BE21750C6000736A5E /* ViewController.swift */,
				AFB767E3217659AF000598AA /* GameDetails.storyboard */,
				AFB767EB217671CD000598AA /* DescriptionViewController.swift */,
				AF1B14C821750C6100736A5E /* Info.plist */,
				AFF7C66021762034003EE64F /* AddGameViewController.swift */,
				AFB7680D2178BFFC000598AA /* Utilities.swift */,
			);
			path = "Video-Game-Library";
			sourceTree = "<group>";
		};
		AFB768112178C4F7000598AA /* DataModels */ = {
			isa = PBXGroup;
			children = (
				AF1B14DE21751C0900736A5E /* VideoGame.swift */,
			);
			path = DataModels;
			sourceTree = "<group>";
		};
		AFB768122178C523000598AA /* GameTableViewCell */ = {
			isa = PBXGroup;
			children = (
				AF1B14E2217570E000736A5E /* VideoGameTableViewCell.swift */,
			);
			path = GameTableViewCell;
			sourceTree = "<group>";
		};
		AFB768132178C545000598AA /* Utiities */ = {
			isa = PBXGroup;
			children = (
				AF1B14C321750C6100736A5E /* Assets.xcassets */,
				AF1B14BC21750C6000736A5E /* AppDelegate.swift */,
				AFB768142178C592000598AA /* GameManager.swift */,
			);
			path = Utiities;
			sourceTree = "<group>";
		};
/* End PBXGroup section */

/* Begin PBXNativeTarget section */
		AF1B14B821750C6000736A5E /* Video-Game-Library */ = {
			isa = PBXNativeTarget;
			buildConfigurationList = AF1B14CB21750C6100736A5E /* Build configuration list for PBXNativeTarget "Video-Game-Library" */;
			buildPhases = (
				AF1B14B521750C6000736A5E /* Sources */,
				AF1B14B621750C6000736A5E /* Frameworks */,
				AF1B14B721750C6000736A5E /* Resources */,
			);
			buildRules = (
			);
			dependencies = (
			);
			name = "Video-Game-Library";
			productName = "Video-Game-Library";
			productReference = AF1B14B921750C6000736A5E /* Video-Game-Library.app */;
			productType = "com.apple.product-type.application";
		};
/* End PBXNativeTarget section */

/* Begin PBXProject section */
		AF1B14B121750C6000736A5E /* Project object */ = {
			isa = PBXProject;
			attributes = {
				LastSwiftUpdateCheck = 1000;
				LastUpgradeCheck = 1000;
				ORGANIZATIONNAME = "Katelyn Pace";
				TargetAttributes = {
					AF1B14B821750C6000736A5E = {
						CreatedOnToolsVersion = 10.0;
					};
				};
			};
			buildConfigurationList = AF1B14B421750C6000736A5E /* Build configuration list for PBXProject "Video-Game-Library" */;
			compatibilityVersion = "Xcode 9.3";
			developmentRegion = en;
			hasScannedForEncodings = 0;
			knownRegions = (
				en,
				Base,
			);
			mainGroup = AF1B14B021750C6000736A5E;
			productRefGroup = AF1B14BA21750C6000736A5E /* Products */;
			projectDirPath = "";
			projectRoot = "";
			targets = (
				AF1B14B821750C6000736A5E /* Video-Game-Library */,
			);
		};
/* End PBXProject section */

/* Begin PBXResourcesBuildPhase section */
		AF1B14B721750C6000736A5E /* Resources */ = {
			isa = PBXResourcesBuildPhase;
			buildActionMask = 2147483647;
			files = (
				AF1B14C721750C6100736A5E /* LaunchScreen.storyboard in Resources */,
				AFB767E4217659AF000598AA /* GameDetails.storyboard in Resources */,
				AF1B14C421750C6100736A5E /* Assets.xcassets in Resources */,
				AF1B14C221750C6000736A5E /* Main.storyboard in Resources */,
			);
			runOnlyForDeploymentPostprocessing = 0;
		};
/* End PBXResourcesBuildPhase section */

/* Begin PBXSourcesBuildPhase section */
		AF1B14B521750C6000736A5E /* Sources */ = {
			isa = PBXSourcesBuildPhase;
			buildActionMask = 2147483647;
			files = (
				AFF7C66121762034003EE64F /* AddGameViewController.swift in Sources */,
				AFB768152178C592000598AA /* GameManager.swift in Sources */,
				AF1B14BF21750C6000736A5E /* ViewController.swift in Sources */,
				AFB7680E2178BFFC000598AA /* Utilities.swift in Sources */,
				AF1B14DF21751C0900736A5E /* VideoGame.swift in Sources */,
				AFB767EC217671CD000598AA /* DescriptionViewController.swift in Sources */,
				AF1B14BD21750C6000736A5E /* AppDelegate.swift in Sources */,
				AF1B14E3217570E000736A5E /* VideoGameTableViewCell.swift in Sources */,
			);
			runOnlyForDeploymentPostprocessing = 0;
		};
/* End PBXSourcesBuildPhase section */

/* Begin PBXVariantGroup section */
		AF1B14C021750C6000736A5E /* Main.storyboard */ = {
			isa = PBXVariantGroup;
			children = (
				AF1B14C121750C6000736A5E /* Base */,
			);
			name = Main.storyboard;
			sourceTree = "<group>";
		};
		AF1B14C521750C6100736A5E /* LaunchScreen.storyboard */ = {
			isa = PBXVariantGroup;
			children = (
				AF1B14C621750C6100736A5E /* Base */,
			);
			name = LaunchScreen.storyboard;
			sourceTree = "<group>";
		};
/* End PBXVariantGroup section */

/* Begin XCBuildConfiguration section */
		AF1B14C921750C6100736A5E /* Debug */ = {
			isa = XCBuildConfiguration;
			buildSettings = {
				ALWAYS_SEARCH_USER_PATHS = NO;
				CLANG_ANALYZER_NONNULL = YES;
				CLANG_ANALYZER_NUMBER_OBJECT_CONVERSION = YES_AGGRESSIVE;
				CLANG_CXX_LANGUAGE_STANDARD = "gnu++14";
				CLANG_CXX_LIBRARY = "libc++";
				CLANG_ENABLE_MODULES = YES;
				CLANG_ENABLE_OBJC_ARC = YES;
				CLANG_ENABLE_OBJC_WEAK = YES;
				CLANG_WARN_BLOCK_CAPTURE_AUTORELEASING = YES;
				CLANG_WARN_BOOL_CONVERSION = YES;
				CLANG_WARN_COMMA = YES;
				CLANG_WARN_CONSTANT_CONVERSION = YES;
				CLANG_WARN_DEPRECATED_OBJC_IMPLEMENTATIONS = YES;
				CLANG_WARN_DIRECT_OBJC_ISA_USAGE = YES_ERROR;
				CLANG_WARN_DOCUMENTATION_COMMENTS = YES;
				CLANG_WARN_EMPTY_BODY = YES;
				CLANG_WARN_ENUM_CONVERSION = YES;
				CLANG_WARN_INFINITE_RECURSION = YES;
				CLANG_WARN_INT_CONVERSION = YES;
				CLANG_WARN_NON_LITERAL_NULL_CONVERSION = YES;
				CLANG_WARN_OBJC_IMPLICIT_RETAIN_SELF = YES;
				CLANG_WARN_OBJC_LITERAL_CONVERSION = YES;
				CLANG_WARN_OBJC_ROOT_CLASS = YES_ERROR;
				CLANG_WARN_RANGE_LOOP_ANALYSIS = YES;
				CLANG_WARN_STRICT_PROTOTYPES = YES;
				CLANG_WARN_SUSPICIOUS_MOVE = YES;
				CLANG_WARN_UNGUARDED_AVAILABILITY = YES_AGGRESSIVE;
				CLANG_WARN_UNREACHABLE_CODE = YES;
				CLANG_WARN__DUPLICATE_METHOD_MATCH = YES;
				CODE_SIGN_IDENTITY = "iPhone Developer";
				COPY_PHASE_STRIP = NO;
				DEBUG_INFORMATION_FORMAT = dwarf;
				ENABLE_STRICT_OBJC_MSGSEND = YES;
				ENABLE_TESTABILITY = YES;
				GCC_C_LANGUAGE_STANDARD = gnu11;
				GCC_DYNAMIC_NO_PIC = NO;
				GCC_NO_COMMON_BLOCKS = YES;
				GCC_OPTIMIZATION_LEVEL = 0;
				GCC_PREPROCESSOR_DEFINITIONS = (
					"DEBUG=1",
					"$(inherited)",
				);
				GCC_WARN_64_TO_32_BIT_CONVERSION = YES;
				GCC_WARN_ABOUT_RETURN_TYPE = YES_ERROR;
				GCC_WARN_UNDECLARED_SELECTOR = YES;
				GCC_WARN_UNINITIALIZED_AUTOS = YES_AGGRESSIVE;
				GCC_WARN_UNUSED_FUNCTION = YES;
				GCC_WARN_UNUSED_VARIABLE = YES;
				IPHONEOS_DEPLOYMENT_TARGET = 12.0;
				MTL_ENABLE_DEBUG_INFO = INCLUDE_SOURCE;
				MTL_FAST_MATH = YES;
				ONLY_ACTIVE_ARCH = YES;
				SDKROOT = iphoneos;
				SWIFT_ACTIVE_COMPILATION_CONDITIONS = DEBUG;
				SWIFT_OPTIMIZATION_LEVEL = "-Onone";
			};
			name = Debug;
		};
		AF1B14CA21750C6100736A5E /* Release */ = {
			isa = XCBuildConfiguration;
			buildSettings = {
				ALWAYS_SEARCH_USER_PATHS = NO;
				CLANG_ANALYZER_NONNULL = YES;
				CLANG_ANALYZER_NUMBER_OBJECT_CONVERSION = YES_AGGRESSIVE;
				CLANG_CXX_LANGUAGE_STANDARD = "gnu++14";
				CLANG_CXX_LIBRARY = "libc++";
				CLANG_ENABLE_MODULES = YES;
				CLANG_ENABLE_OBJC_ARC = YES;
				CLANG_ENABLE_OBJC_WEAK = YES;
				CLANG_WARN_BLOCK_CAPTURE_AUTORELEASING = YES;
				CLANG_WARN_BOOL_CONVERSION = YES;
				CLANG_WARN_COMMA = YES;
				CLANG_WARN_CONSTANT_CONVERSION = YES;
				CLANG_WARN_DEPRECATED_OBJC_IMPLEMENTATIONS = YES;
				CLANG_WARN_DIRECT_OBJC_ISA_USAGE = YES_ERROR;
				CLANG_WARN_DOCUMENTATION_COMMENTS = YES;
				CLANG_WARN_EMPTY_BODY = YES;
				CLANG_WARN_ENUM_CONVERSION = YES;
				CLANG_WARN_INFINITE_RECURSION = YES;
				CLANG_WARN_INT_CONVERSION = YES;
				CLANG_WARN_NON_LITERAL_NULL_CONVERSION = YES;
				CLANG_WARN_OBJC_IMPLICIT_RETAIN_SELF = YES;
				CLANG_WARN_OBJC_LITERAL_CONVERSION = YES;
				CLANG_WARN_OBJC_ROOT_CLASS = YES_ERROR;
				CLANG_WARN_RANGE_LOOP_ANALYSIS = YES;
				CLANG_WARN_STRICT_PROTOTYPES = YES;
				CLANG_WARN_SUSPICIOUS_MOVE = YES;
				CLANG_WARN_UNGUARDED_AVAILABILITY = YES_AGGRESSIVE;
				CLANG_WARN_UNREACHABLE_CODE = YES;
				CLANG_WARN__DUPLICATE_METHOD_MATCH = YES;
				CODE_SIGN_IDENTITY = "iPhone Developer";
				COPY_PHASE_STRIP = NO;
				DEBUG_INFORMATION_FORMAT = "dwarf-with-dsym";
				ENABLE_NS_ASSERTIONS = NO;
				ENABLE_STRICT_OBJC_MSGSEND = YES;
				GCC_C_LANGUAGE_STANDARD = gnu11;
				GCC_NO_COMMON_BLOCKS = YES;
				GCC_WARN_64_TO_32_BIT_CONVERSION = YES;
				GCC_WARN_ABOUT_RETURN_TYPE = YES_ERROR;
				GCC_WARN_UNDECLARED_SELECTOR = YES;
				GCC_WARN_UNINITIALIZED_AUTOS = YES_AGGRESSIVE;
				GCC_WARN_UNUSED_FUNCTION = YES;
				GCC_WARN_UNUSED_VARIABLE = YES;
				IPHONEOS_DEPLOYMENT_TARGET = 12.0;
				MTL_ENABLE_DEBUG_INFO = NO;
				MTL_FAST_MATH = YES;
				SDKROOT = iphoneos;
				SWIFT_COMPILATION_MODE = wholemodule;
				SWIFT_OPTIMIZATION_LEVEL = "-O";
				VALIDATE_PRODUCT = YES;
			};
			name = Release;
		};
		AF1B14CC21750C6100736A5E /* Debug */ = {
			isa = XCBuildConfiguration;
			buildSettings = {
				ASSETCATALOG_COMPILER_APPICON_NAME = AppIcon;
				CODE_SIGN_STYLE = Automatic;
				INFOPLIST_FILE = "Video-Game-Library/Info.plist";
				LD_RUNPATH_SEARCH_PATHS = (
					"$(inherited)",
					"@executable_path/Frameworks",
				);
				PRODUCT_BUNDLE_IDENTIFIER = "com.interaptskills.Video-Game-Library";
				PRODUCT_NAME = "$(TARGET_NAME)";
				SWIFT_VERSION = 4.2;
				TARGETED_DEVICE_FAMILY = "1,2";
			};
			name = Debug;
		};
		AF1B14CD21750C6100736A5E /* Release */ = {
			isa = XCBuildConfiguration;
			buildSettings = {
				ASSETCATALOG_COMPILER_APPICON_NAME = AppIcon;
				CODE_SIGN_STYLE = Automatic;
				INFOPLIST_FILE = "Video-Game-Library/Info.plist";
				LD_RUNPATH_SEARCH_PATHS = (
					"$(inherited)",
					"@executable_path/Frameworks",
				);
				PRODUCT_BUNDLE_IDENTIFIER = "com.interaptskills.Video-Game-Library";
				PRODUCT_NAME = "$(TARGET_NAME)";
				SWIFT_VERSION = 4.2;
				TARGETED_DEVICE_FAMILY = "1,2";
			};
			name = Release;
		};
/* End XCBuildConfiguration section */

/* Begin XCConfigurationList section */
		AF1B14B421750C6000736A5E /* Build configuration list for PBXProject "Video-Game-Library" */ = {
			isa = XCConfigurationList;
			buildConfigurations = (
				AF1B14C921750C6100736A5E /* Debug */,
				AF1B14CA21750C6100736A5E /* Release */,
			);
			defaultConfigurationIsVisible = 0;
			defaultConfigurationName = Release;
		};
		AF1B14CB21750C6100736A5E /* Build configuration list for PBXNativeTarget "Video-Game-Library" */ = {
			isa = XCConfigurationList;
			buildConfigurations = (
				AF1B14CC21750C6100736A5E /* Debug */,
				AF1B14CD21750C6100736A5E /* Release */,
			);
			defaultConfigurationIsVisible = 0;
			defaultConfigurationName = Release;
		};
/* End XCConfigurationList section */
	};
	rootObject = AF1B14B121750C6000736A5E /* Project object */;
}
